{
  "version": 4,
  "terraform_version": "1.6.3",
  "serial": 116,
  "lineage": "e29a5703-dbfc-d988-b0ce-72d4a970ed08",
  "outputs": {
    "grafana_servers_ips": {
      "value": {
        "grafana-server-0": "128.140.71.6"
      },
      "type": [
        "object",
        {
          "grafana-server-0": "string"
        }
      ]
    },
    "grafana_servers_status": {
      "value": {
        "grafana-server-0": "running"
      },
      "type": [
        "object",
        {
          "grafana-server-0": "string"
        }
      ]
    }
  },
  "resources": [
    {
      "mode": "data",
      "type": "hcloud_ssh_key",
      "name": "ssh_key",
      "provider": "provider[\"registry.terraform.io/hetznercloud/hcloud\"]",
      "instances": [
        {
          "schema_version": 0,
          "attributes": {
            "fingerprint": "c5:e7:80:f0:ed:07:3d:e3:97:19:fa:30:b0:7f:d5:e6",
            "id": 13992008,
            "labels": {},
            "name": "chygyk@chygyk-pc",
            "public_key": "ssh-rsa AAAAB3NzaC1yc2EAAAADAQABAAABgQCiFy09Fps+n0IPqOJAtrqEUIDUUgAt65i/UNas3uiYVc/+Fl7JCClP5U0GmYNTvwVY/icQ/2TBTbd1e4X7FY+9WPntYGuCUIMUF1mfLv/joxo2TwXXAcmVNX6k+sXv859khHkkPHzrTWIK111D9qzgoxgRZgOM6u/dxviL7BpfeHjWo0SWi9+ntFWi3AWYUbBr136DaewkUKn5EWPQS3UA14xTBg9BQnKftwf9JiYrFZ7Cx1Jub6Dynj+Qo5XxXdQgm+z2nBKPgjWDI2eFSPIiNNbaUcLrzvKdAwzxgCs0PTCfh4hxCZm50hM4/pD6WIZWWqKh8FhMj6kWWYSpzQ3tCQckQ1K0mcJVbrX7oEhx3tsWqzdcbumP7VSv9DhiZBR0jo6cVsOsEZWOr3X/ckx/MTWMGescFMZMfAyf9rvIHMACCYf6FDkZLOuAMsn/Yr/3cVXYJIQboJw0+bFtOn47jjnYn1fyq9W+A7lAAe2IS+ksNak0MgyoTreGOcsemZM=",
            "selector": null,
            "with_selector": null
          },
          "sensitive_attributes": []
        }
      ]
    },
    {
      "mode": "managed",
      "type": "hcloud_network",
      "name": "hc_private_grafana",
      "provider": "provider[\"registry.terraform.io/hetznercloud/hcloud\"]",
      "instances": [
        {
          "schema_version": 0,
          "attributes": {
            "delete_protection": false,
            "expose_routes_to_vswitch": false,
            "id": "3524809",
            "ip_range": "10.0.3.0/24",
            "labels": null,
            "name": "hc_private_grafana"
          },
          "sensitive_attributes": [],
          "private": "bnVsbA=="
        }
      ]
    },
    {
      "mode": "managed",
      "type": "hcloud_network_subnet",
      "name": "hc_private_subnet_grafana",
      "provider": "provider[\"registry.terraform.io/hetznercloud/hcloud\"]",
      "instances": [
        {
          "schema_version": 0,
          "attributes": {
            "gateway": "10.0.3.1",
            "id": "3524809-10.0.3.0/24",
            "ip_range": "10.0.3.0/24",
            "network_id": 3524809,
            "network_zone": "eu-central",
            "type": "cloud",
            "vswitch_id": null
          },
          "sensitive_attributes": [],
          "private": "bnVsbA==",
          "dependencies": [
            "hcloud_network.hc_private_grafana"
          ]
        }
      ]
    },
    {
      "mode": "managed",
      "type": "hcloud_server",
      "name": "grafana",
      "provider": "provider[\"registry.terraform.io/hetznercloud/hcloud\"]",
      "instances": [
        {
          "index_key": 0,
          "schema_version": 0,
          "attributes": {
            "allow_deprecated_images": false,
            "backup_window": "",
            "backups": false,
            "datacenter": "nbg1-dc3",
            "delete_protection": false,
            "firewall_ids": [],
            "id": "38984887",
            "ignore_remote_firewall_ids": false,
            "image": "ubuntu-22.04",
            "ipv4_address": "128.140.71.6",
            "ipv6_address": "2a01:4f8:c0c:98c4::1",
            "ipv6_network": "2a01:4f8:c0c:98c4::/64",
            "iso": null,
            "keep_disk": false,
            "labels": {
              "type": "grafana"
            },
            "location": "nbg1",
            "name": "grafana-server-0",
            "network": [],
            "placement_group_id": null,
            "public_net": [],
            "rebuild_protection": false,
            "rescue": null,
            "server_type": "cx11",
            "shutdown_before_deletion": false,
            "ssh_keys": [
              "13992008"
            ],
            "status": "running",
            "timeouts": null,
            "user_data": "VE0jMem8qiFDvHoyFzhULPS+pqk="
          },
          "sensitive_attributes": [],
          "private": "eyJlMmJmYjczMC1lY2FhLTExZTYtOGY4OC0zNDM2M2JjN2M0YzAiOnsiY3JlYXRlIjo1NDAwMDAwMDAwMDAwfX0=",
          "dependencies": [
            "data.hcloud_ssh_key.ssh_key"
          ]
        }
      ]
    },
    {
      "mode": "managed",
      "type": "hcloud_server_network",
      "name": "grafana_network",
      "provider": "provider[\"registry.terraform.io/hetznercloud/hcloud\"]",
      "instances": [
        {
          "index_key": 0,
          "schema_version": 0,
          "attributes": {
            "alias_ips": null,
            "id": "38984887-3524809",
            "ip": "10.0.3.2",
            "mac_address": "86:00:00:65:41:22",
            "network_id": null,
            "server_id": 38984887,
            "subnet_id": "3524809-10.0.3.0/24"
          },
          "sensitive_attributes": [],
          "private": "bnVsbA==",
          "dependencies": [
            "data.hcloud_ssh_key.ssh_key",
            "hcloud_network.hc_private_grafana",
            "hcloud_network_subnet.hc_private_subnet_grafana",
            "hcloud_server.grafana"
          ]
        }
      ]
    }
  ],
  "check_results": null
}
